
Microsoft Visual Studio Solution File, Format Version 12.00
# Visual Studio 15
VisualStudioVersion = 15.0.27703.2035
MinimumVisualStudioVersion = 10.0.40219.1
Project("{FAE04EC0-301F-11D3-BF4B-00C04F79EFBC}") = "avazquez_Test", "avazquez_Test\avazquez_Test.csproj", "{C93B4C51-63C9-4CEB-8895-151ACCB94736}"
EndProject
Global
	GlobalSection(SolutionConfigurationPlatforms) = preSolution
		Debug|Any CPU = Debug|Any CPU
		Release|Any CPU = Release|Any CPU
	EndGlobalSection
	GlobalSection(ProjectConfigurationPlatforms) = postSolution
		{C93B4C51-63C9-4CEB-8895-151ACCB94736}.Debug|Any CPU.ActiveCfg = Debug|Any CPU
		{C93B4C51-63C9-4CEB-8895-151ACCB94736}.Debug|Any CPU.Build.0 = Debug|Any CPU
		{C93B4C51-63C9-4CEB-8895-151ACCB94736}.Release|Any CPU.ActiveCfg = Release|Any CPU
		{C93B4C51-63C9-4CEB-8895-151ACCB94736}.Release|Any CPU.Build.0 = Release|Any CPU
	EndGlobalSection
	GlobalSection(SolutionProperties) = preSolution
		HideSolutionNode = FALSE
	EndGlobalSection
	GlobalSection(ExtensibilityGlobals) = postSolution
		SolutionGuid = {ECB26AD1-7BB0-46A1-87D2-3B553E02372B}
	EndGlobalSection
EndGlobal
